// !$*UTF8*$!
{
	archiveVersion = 1;
	classes = {
	};
	objectVersion = 56;
	objects = {

/* Begin PBXBuildFile section */
		8410AB192A1C31770080F855 /* ArbuzApp.swift in Sources */ = {isa = PBXBuildFile; fileRef = 8410AB182A1C31770080F855 /* ArbuzApp.swift */; };
		8410AB1B2A1C31770080F855 /* ContentView.swift in Sources */ = {isa = PBXBuildFile; fileRef = 8410AB1A2A1C31770080F855 /* ContentView.swift */; };
		8410AB1D2A1C31780080F855 /* Assets.xcassets in Resources */ = {isa = PBXBuildFile; fileRef = 8410AB1C2A1C31780080F855 /* Assets.xcassets */; };
		8410AB202A1C31780080F855 /* Preview Assets.xcassets in Resources */ = {isa = PBXBuildFile; fileRef = 8410AB1F2A1C31780080F855 /* Preview Assets.xcassets */; };
		8410AB2A2A1C31DC0080F855 /* ViewRouter.swift in Sources */ = {isa = PBXBuildFile; fileRef = 8410AB292A1C31DC0080F855 /* ViewRouter.swift */; };
		8410AB2C2A1C32170080F855 /* ProductsViewModel.swift in Sources */ = {isa = PBXBuildFile; fileRef = 8410AB2B2A1C32170080F855 /* ProductsViewModel.swift */; };
		8410AB2E2A1C32360080F855 /* BasketView.swift in Sources */ = {isa = PBXBuildFile; fileRef = 8410AB2D2A1C32360080F855 /* BasketView.swift */; };
		8410AB302A1C32800080F855 /* CheckoutView.swift in Sources */ = {isa = PBXBuildFile; fileRef = 8410AB2F2A1C32800080F855 /* CheckoutView.swift */; };
		8410AB322A1C329E0080F855 /* FinishView.swift in Sources */ = {isa = PBXBuildFile; fileRef = 8410AB312A1C329E0080F855 /* FinishView.swift */; };
		84604E6E2A1C3D95006804BB /* GoogleService-Info.plist in Resources */ = {isa = PBXBuildFile; fileRef = 84604E6D2A1C3D95006804BB /* GoogleService-Info.plist */; };
		DA95E7E75137409FC5BCB30E /* Pods_Arbuz.framework in Frameworks */ = {isa = PBXBuildFile; fileRef = BE23BCD731A9F5B0F9919884 /* Pods_Arbuz.framework */; };
/* End PBXBuildFile section */

/* Begin PBXFileReference section */
		16FCA6513EDF9A7DE978E885 /* Pods-Arbuz.release.xcconfig */ = {isa = PBXFileReference; includeInIndex = 1; lastKnownFileType = text.xcconfig; name = "Pods-Arbuz.release.xcconfig"; path = "Target Support Files/Pods-Arbuz/Pods-Arbuz.release.xcconfig"; sourceTree = "<group>"; };
		8410AB152A1C31770080F855 /* Arbuz.app */ = {isa = PBXFileReference; explicitFileType = wrapper.application; includeInIndex = 0; path = Arbuz.app; sourceTree = BUILT_PRODUCTS_DIR; };
		8410AB182A1C31770080F855 /* ArbuzApp.swift */ = {isa = PBXFileReference; lastKnownFileType = sourcecode.swift; path = ArbuzApp.swift; sourceTree = "<group>"; };
		8410AB1A2A1C31770080F855 /* ContentView.swift */ = {isa = PBXFileReference; lastKnownFileType = sourcecode.swift; path = ContentView.swift; sourceTree = "<group>"; };
		8410AB1C2A1C31780080F855 /* Assets.xcassets */ = {isa = PBXFileReference; lastKnownFileType = folder.assetcatalog; path = Assets.xcassets; sourceTree = "<group>"; };
		8410AB1F2A1C31780080F855 /* Preview Assets.xcassets */ = {isa = PBXFileReference; lastKnownFileType = folder.assetcatalog; path = "Preview Assets.xcassets"; sourceTree = "<group>"; };
		8410AB292A1C31DC0080F855 /* ViewRouter.swift */ = {isa = PBXFileReference; lastKnownFileType = sourcecode.swift; path = ViewRouter.swift; sourceTree = "<group>"; };
		8410AB2B2A1C32170080F855 /* ProductsViewModel.swift */ = {isa = PBXFileReference; lastKnownFileType = sourcecode.swift; path = ProductsViewModel.swift; sourceTree = "<group>"; };
		8410AB2D2A1C32360080F855 /* BasketView.swift */ = {isa = PBXFileReference; lastKnownFileType = sourcecode.swift; path = BasketView.swift; sourceTree = "<group>"; };
		8410AB2F2A1C32800080F855 /* CheckoutView.swift */ = {isa = PBXFileReference; lastKnownFileType = sourcecode.swift; path = CheckoutView.swift; sourceTree = "<group>"; };
		8410AB312A1C329E0080F855 /* FinishView.swift */ = {isa = PBXFileReference; lastKnownFileType = sourcecode.swift; path = FinishView.swift; sourceTree = "<group>"; };
		84604E6D2A1C3D95006804BB /* GoogleService-Info.plist */ = {isa = PBXFileReference; fileEncoding = 4; lastKnownFileType = text.plist.xml; path = "GoogleService-Info.plist"; sourceTree = "<group>"; };
		BE23BCD731A9F5B0F9919884 /* Pods_Arbuz.framework */ = {isa = PBXFileReference; explicitFileType = wrapper.framework; includeInIndex = 0; path = Pods_Arbuz.framework; sourceTree = BUILT_PRODUCTS_DIR; };
		C96F90E52B83437F251D0C80 /* Pods-Arbuz.debug.xcconfig */ = {isa = PBXFileReference; includeInIndex = 1; lastKnownFileType = text.xcconfig; name = "Pods-Arbuz.debug.xcconfig"; path = "Target Support Files/Pods-Arbuz/Pods-Arbuz.debug.xcconfig"; sourceTree = "<group>"; };
/* End PBXFileReference section */

/* Begin PBXFrameworksBuildPhase section */
		8410AB122A1C31770080F855 /* Frameworks */ = {
			isa = PBXFrameworksBuildPhase;
			buildActionMask = 2147483647;
			files = (
				DA95E7E75137409FC5BCB30E /* Pods_Arbuz.framework in Frameworks */,
			);
			runOnlyForDeploymentPostprocessing = 0;
		};
/* End PBXFrameworksBuildPhase section */

/* Begin PBXGroup section */
		6BF68F4217959CCB856922D7 /* Frameworks */ = {
			isa = PBXGroup;
			children = (
				BE23BCD731A9F5B0F9919884 /* Pods_Arbuz.framework */,
			);
			name = Frameworks;
			sourceTree = "<group>";
		};
		8410AB0C2A1C31770080F855 = {
			isa = PBXGroup;
			children = (
				8410AB172A1C31770080F855 /* Arbuz */,
				8410AB162A1C31770080F855 /* Products */,
				F6A0A3E7DEF1F73F0A25E5C8 /* Pods */,
				6BF68F4217959CCB856922D7 /* Frameworks */,
			);
			sourceTree = "<group>";
		};
		8410AB162A1C31770080F855 /* Products */ = {
			isa = PBXGroup;
			children = (
				8410AB152A1C31770080F855 /* Arbuz.app */,
			);
			name = Products;
			sourceTree = "<group>";
		};
		8410AB172A1C31770080F855 /* Arbuz */ = {
			isa = PBXGroup;
			children = (
				8410AB262A1C317F0080F855 /* Model */,
				8410AB272A1C31880080F855 /* View */,
				8410AB282A1C319A0080F855 /* Controller */,
				8410AB182A1C31770080F855 /* ArbuzApp.swift */,
				8410AB1C2A1C31780080F855 /* Assets.xcassets */,
				84604E6D2A1C3D95006804BB /* GoogleService-Info.plist */,
				8410AB1E2A1C31780080F855 /* Preview Content */,
			);
			path = Arbuz;
			sourceTree = "<group>";
		};
		8410AB1E2A1C31780080F855 /* Preview Content */ = {
			isa = PBXGroup;
			children = (
				8410AB1F2A1C31780080F855 /* Preview Assets.xcassets */,
			);
			path = "Preview Content";
			sourceTree = "<group>";
		};
		8410AB262A1C317F0080F855 /* Model */ = {
			isa = PBXGroup;
			children = (
				8410AB2B2A1C32170080F855 /* ProductsViewModel.swift */,
			);
			path = Model;
			sourceTree = "<group>";
		};
		8410AB272A1C31880080F855 /* View */ = {
			isa = PBXGroup;
			children = (
				8410AB1A2A1C31770080F855 /* ContentView.swift */,
				8410AB2D2A1C32360080F855 /* BasketView.swift */,
				8410AB2F2A1C32800080F855 /* CheckoutView.swift */,
				8410AB312A1C329E0080F855 /* FinishView.swift */,
			);
			path = View;
			sourceTree = "<group>";
		};
		8410AB282A1C319A0080F855 /* Controller */ = {
			isa = PBXGroup;
			children = (
				8410AB292A1C31DC0080F855 /* ViewRouter.swift */,
			);
			path = Controller;
			sourceTree = "<group>";
		};
		F6A0A3E7DEF1F73F0A25E5C8 /* Pods */ = {
			isa = PBXGroup;
			children = (
				C96F90E52B83437F251D0C80 /* Pods-Arbuz.debug.xcconfig */,
				16FCA6513EDF9A7DE978E885 /* Pods-Arbuz.release.xcconfig */,
			);
			path = Pods;
			sourceTree = "<group>";
		};
/* End PBXGroup section */

/* Begin PBXNativeTarget section */
		8410AB142A1C31770080F855 /* Arbuz */ = {
			isa = PBXNativeTarget;
			buildConfigurationList = 8410AB232A1C31780080F855 /* Build configuration list for PBXNativeTarget "Arbuz" */;
			buildPhases = (
				ED0F10380DB2388C52AAF16E /* [CP] Check Pods Manifest.lock */,
				8410AB112A1C31770080F855 /* Sources */,
				8410AB122A1C31770080F855 /* Frameworks */,
				8410AB132A1C31770080F855 /* Resources */,
				4593A0C4D28A47F03CAFE418 /* [CP] Embed Pods Frameworks */,
			);
			buildRules = (
			);
			dependencies = (
			);
			name = Arbuz;
			productName = Arbuz;
			productReference = 8410AB152A1C31770080F855 /* Arbuz.app */;
			productType = "com.apple.product-type.application";
		};
/* End PBXNativeTarget section */

/* Begin PBXProject section */
		8410AB0D2A1C31770080F855 /* Project object */ = {
			isa = PBXProject;
			attributes = {
				BuildIndependentTargetsInParallel = 1;
				LastSwiftUpdateCheck = 1430;
				LastUpgradeCheck = 1430;
				TargetAttributes = {
					8410AB142A1C31770080F855 = {
						CreatedOnToolsVersion = 14.3;
					};
				};
			};
			buildConfigurationList = 8410AB102A1C31770080F855 /* Build configuration list for PBXProject "Arbuz" */;
			compatibilityVersion = "Xcode 14.0";
			developmentRegion = en;
			hasScannedForEncodings = 0;
			knownRegions = (
				en,
				Base,
			);
			mainGroup = 8410AB0C2A1C31770080F855;
			productRefGroup = 8410AB162A1C31770080F855 /* Products */;
			projectDirPath = "";
			projectRoot = "";
			targets = (
				8410AB142A1C31770080F855 /* Arbuz */,
			);
		};
/* End PBXProject section */

/* Begin PBXResourcesBuildPhase section */
		8410AB132A1C31770080F855 /* Resources */ = {
			isa = PBXResourcesBuildPhase;
			buildActionMask = 2147483647;
			files = (
				8410AB202A1C31780080F855 /* Preview Assets.xcassets in Resources */,
				8410AB1D2A1C31780080F855 /* Assets.xcassets in Resources */,
				84604E6E2A1C3D95006804BB /* GoogleService-Info.plist in Resources */,
			);
			runOnlyForDeploymentPostprocessing = 0;
		};
/* End PBXResourcesBuildPhase section */

/* Begin PBXShellScriptBuildPhase section */
		4593A0C4D28A47F03CAFE418 /* [CP] Embed Pods Frameworks */ = {
			isa = PBXShellScriptBuildPhase;
			buildActionMask = 2147483647;
			files = (
			);
			inputFileListPaths = (
				"${PODS_ROOT}/Target Support Files/Pods-Arbuz/Pods-Arbuz-frameworks-${CONFIGURATION}-input-files.xcfilelist",
			);
			name = "[CP] Embed Pods Frameworks";
			outputFileListPaths = (
				"${PODS_ROOT}/Target Support Files/Pods-Arbuz/Pods-Arbuz-frameworks-${CONFIGURATION}-output-files.xcfilelist",
			);
			runOnlyForDeploymentPostprocessing = 0;
			shellPath = /bin/sh;
			shellScript = "\"${PODS_ROOT}/Target Support Files/Pods-Arbuz/Pods-Arbuz-frameworks.sh\"\n";
			showEnvVarsInLog = 0;
		};
		ED0F10380DB2388C52AAF16E /* [CP] Check Pods Manifest.lock */ = {
			isa = PBXShellScriptBuildPhase;
			buildActionMask = 2147483647;
			files = (
			);
			inputFileListPaths = (
			);
			inputPaths = (
				"${PODS_PODFILE_DIR_PATH}/Podfile.lock",
				"${PODS_ROOT}/Manifest.lock",
			);
			name = "[CP] Check Pods Manifest.lock";
			outputFileListPaths = (
			);
			outputPaths = (
				"$(DERIVED_FILE_DIR)/Pods-Arbuz-checkManifestLockResult.txt",
			);
			runOnlyForDeploymentPostprocessing = 0;
			shellPath = /bin/sh;
			shellScript = "diff \"${PODS_PODFILE_DIR_PATH}/Podfile.lock\" \"${PODS_ROOT}/Manifest.lock\" > /dev/null\nif [ $? != 0 ] ; then\n    # print error to STDERR\n    echo \"error: The sandbox is not in sync with the Podfile.lock. Run 'pod install' or update your CocoaPods installation.\" >&2\n    exit 1\nfi\n# This output is used by Xcode 'outputs' to avoid re-running this script phase.\necho \"SUCCESS\" > \"${SCRIPT_OUTPUT_FILE_0}\"\n";
			showEnvVarsInLog = 0;
		};
/* End PBXShellScriptBuildPhase section */

/* Begin PBXSourcesBuildPhase section */
		8410AB112A1C31770080F855 /* Sources */ = {
			isa = PBXSourcesBuildPhase;
			buildActionMask = 2147483647;
			files = (
				8410AB322A1C329E0080F855 /* FinishView.swift in Sources */,
				8410AB2E2A1C32360080F855 /* BasketView.swift in Sources */,
				8410AB2A2A1C31DC0080F855 /* ViewRouter.swift in Sources */,
				8410AB302A1C32800080F855 /* CheckoutView.swift in Sources */,
				8410AB1B2A1C31770080F855 /* ContentView.swift in Sources */,
				8410AB2C2A1C32170080F855 /* ProductsViewModel.swift in Sources */,
				8410AB192A1C31770080F855 /* ArbuzApp.swift in Sources */,
			);
			runOnlyForDeploymentPostprocessing = 0;
		};
/* End PBXSourcesBuildPhase section */

/* Begin XCBuildConfiguration section */
		8410AB212A1C31780080F855 /* Debug */ = {
			isa = XCBuildConfiguration;
			buildSettings = {
				ALWAYS_SEARCH_USER_PATHS = NO;
				CLANG_ANALYZER_NONNULL = YES;
				CLANG_ANALYZER_NUMBER_OBJECT_CONVERSION = YES_AGGRESSIVE;
				CLANG_CXX_LANGUAGE_STANDARD = "gnu++20";
				CLANG_ENABLE_MODULES = YES;
				CLANG_ENABLE_OBJC_ARC = YES;
				CLANG_ENABLE_OBJC_WEAK = YES;
				CLANG_WARN_BLOCK_CAPTURE_AUTORELEASING = YES;
				CLANG_WARN_BOOL_CONVERSION = YES;
				CLANG_WARN_COMMA = YES;
				CLANG_WARN_CONSTANT_CONVERSION = YES;
				CLANG_WARN_DEPRECATED_OBJC_IMPLEMENTATIONS = YES;
				CLANG_WARN_DIRECT_OBJC_ISA_USAGE = YES_ERROR;
				CLANG_WARN_DOCUMENTATION_COMMENTS = YES;
				CLANG_WARN_EMPTY_BODY = YES;
				CLANG_WARN_ENUM_CONVERSION = YES;
				CLANG_WARN_INFINITE_RECURSION = YES;
				CLANG_WARN_INT_CONVERSION = YES;
				CLANG_WARN_NON_LITERAL_NULL_CONVERSION = YES;
				CLANG_WARN_OBJC_IMPLICIT_RETAIN_SELF = YES;
				CLANG_WARN_OBJC_LITERAL_CONVERSION = YES;
				CLANG_WARN_OBJC_ROOT_CLASS = YES_ERROR;
				CLANG_WARN_QUOTED_INCLUDE_IN_FRAMEWORK_HEADER = YES;
				CLANG_WARN_RANGE_LOOP_ANALYSIS = YES;
				CLANG_WARN_STRICT_PROTOTYPES = YES;
				CLANG_WARN_SUSPICIOUS_MOVE = YES;
				CLANG_WARN_UNGUARDED_AVAILABILITY = YES_AGGRESSIVE;
				CLANG_WARN_UNREACHABLE_CODE = YES;
				CLANG_WARN__DUPLICATE_METHOD_MATCH = YES;
				COPY_PHASE_STRIP = NO;
				DEBUG_INFORMATION_FORMAT = dwarf;
				ENABLE_STRICT_OBJC_MSGSEND = YES;
				ENABLE_TESTABILITY = YES;
				GCC_C_LANGUAGE_STANDARD = gnu11;
				GCC_DYNAMIC_NO_PIC = NO;
				GCC_NO_COMMON_BLOCKS = YES;
				GCC_OPTIMIZATION_LEVEL = 0;
				GCC_PREPROCESSOR_DEFINITIONS = (
					"DEBUG=1",
					"$(inherited)",
				);
				GCC_WARN_64_TO_32_BIT_CONVERSION = YES;
				GCC_WARN_ABOUT_RETURN_TYPE = YES_ERROR;
				GCC_WARN_UNDECLARED_SELECTOR = YES;
				GCC_WARN_UNINITIALIZED_AUTOS = YES_AGGRESSIVE;
				GCC_WARN_UNUSED_FUNCTION = YES;
				GCC_WARN_UNUSED_VARIABLE = YES;
				IPHONEOS_DEPLOYMENT_TARGET = 16.4;
				MTL_ENABLE_DEBUG_INFO = INCLUDE_SOURCE;
				MTL_FAST_MATH = YES;
				ONLY_ACTIVE_ARCH = YES;
				SDKROOT = iphoneos;
				SWIFT_ACTIVE_COMPILATION_CONDITIONS = DEBUG;
				SWIFT_OPTIMIZATION_LEVEL = "-Onone";
			};
			name = Debug;
		};
		8410AB222A1C31780080F855 /* Release */ = {
			isa = XCBuildConfiguration;
			buildSettings = {
				ALWAYS_SEARCH_USER_PATHS = NO;
				CLANG_ANALYZER_NONNULL = YES;
				CLANG_ANALYZER_NUMBER_OBJECT_CONVERSION = YES_AGGRESSIVE;
				CLANG_CXX_LANGUAGE_STANDARD = "gnu++20";
				CLANG_ENABLE_MODULES = YES;
				CLANG_ENABLE_OBJC_ARC = YES;
				CLANG_ENABLE_OBJC_WEAK = YES;
				CLANG_WARN_BLOCK_CAPTURE_AUTORELEASING = YES;
				CLANG_WARN_BOOL_CONVERSION = YES;
				CLANG_WARN_COMMA = YES;
				CLANG_WARN_CONSTANT_CONVERSION = YES;
				CLANG_WARN_DEPRECATED_OBJC_IMPLEMENTATIONS = YES;
				CLANG_WARN_DIRECT_OBJC_ISA_USAGE = YES_ERROR;
				CLANG_WARN_DOCUMENTATION_COMMENTS = YES;
				CLANG_WARN_EMPTY_BODY = YES;
				CLANG_WARN_ENUM_CONVERSION = YES;
				CLANG_WARN_INFINITE_RECURSION = YES;
				CLANG_WARN_INT_CONVERSION = YES;
				CLANG_WARN_NON_LITERAL_NULL_CONVERSION = YES;
				CLANG_WARN_OBJC_IMPLICIT_RETAIN_SELF = YES;
				CLANG_WARN_OBJC_LITERAL_CONVERSION = YES;
				CLANG_WARN_OBJC_ROOT_CLASS = YES_ERROR;
				CLANG_WARN_QUOTED_INCLUDE_IN_FRAMEWORK_HEADER = YES;
				CLANG_WARN_RANGE_LOOP_ANALYSIS = YES;
				CLANG_WARN_STRICT_PROTOTYPES = YES;
				CLANG_WARN_SUSPICIOUS_MOVE = YES;
				CLANG_WARN_UNGUARDED_AVAILABILITY = YES_AGGRESSIVE;
				CLANG_WARN_UNREACHABLE_CODE = YES;
				CLANG_WARN__DUPLICATE_METHOD_MATCH = YES;
				COPY_PHASE_STRIP = NO;
				DEBUG_INFORMATION_FORMAT = "dwarf-with-dsym";
				ENABLE_NS_ASSERTIONS = NO;
				ENABLE_STRICT_OBJC_MSGSEND = YES;
				GCC_C_LANGUAGE_STANDARD = gnu11;
				GCC_NO_COMMON_BLOCKS = YES;
				GCC_WARN_64_TO_32_BIT_CONVERSION = YES;
				GCC_WARN_ABOUT_RETURN_TYPE = YES_ERROR;
				GCC_WARN_UNDECLARED_SELECTOR = YES;
				GCC_WARN_UNINITIALIZED_AUTOS = YES_AGGRESSIVE;
				GCC_WARN_UNUSED_FUNCTION = YES;
				GCC_WARN_UNUSED_VARIABLE = YES;
				IPHONEOS_DEPLOYMENT_TARGET = 16.4;
				MTL_ENABLE_DEBUG_INFO = NO;
				MTL_FAST_MATH = YES;
				SDKROOT = iphoneos;
				SWIFT_COMPILATION_MODE = wholemodule;
				SWIFT_OPTIMIZATION_LEVEL = "-O";
				VALIDATE_PRODUCT = YES;
			};
			name = Release;
		};
		8410AB242A1C31780080F855 /* Debug */ = {
			isa = XCBuildConfiguration;
			baseConfigurationReference = C96F90E52B83437F251D0C80 /* Pods-Arbuz.debug.xcconfig */;
			buildSettings = {
				ASSETCATALOG_COMPILER_APPICON_NAME = AppIcon;
				ASSETCATALOG_COMPILER_GLOBAL_ACCENT_COLOR_NAME = AccentColor;
				CODE_SIGN_STYLE = Automatic;
				CURRENT_PROJECT_VERSION = 1;
				DEVELOPMENT_ASSET_PATHS = "\"Arbuz/Preview Content\"";
				ENABLE_PREVIEWS = YES;
				GENERATE_INFOPLIST_FILE = YES;
				INFOPLIST_KEY_UIApplicationSceneManifest_Generation = YES;
				INFOPLIST_KEY_UIApplicationSupportsIndirectInputEvents = YES;
				INFOPLIST_KEY_UILaunchScreen_Generation = YES;
				INFOPLIST_KEY_UISupportedInterfaceOrientations = UIInterfaceOrientationPortrait;
				INFOPLIST_KEY_UISupportedInterfaceOrientations_iPad = "UIInterfaceOrientationLandscapeLeft UIInterfaceOrientationLandscapeRight UIInterfaceOrientationPortrait UIInterfaceOrientationPortraitUpsideDown";
				IPHONEOS_DEPLOYMENT_TARGET = 16.0;
				LD_RUNPATH_SEARCH_PATHS = (
					"$(inherited)",
					"@executable_path/Frameworks",
				);
				MARKETING_VERSION = 1.0;
				PRODUCT_BUNDLE_IDENTIFIER = com.tore.Arbuz;
				PRODUCT_NAME = "$(TARGET_NAME)";
				SUPPORTED_PLATFORMS = "iphoneos iphonesimulator";
				SUPPORTS_MACCATALYST = NO;
				SUPPORTS_MAC_DESIGNED_FOR_IPHONE_IPAD = NO;
				SWIFT_EMIT_LOC_STRINGS = YES;
				SWIFT_VERSION = 5.0;
				TARGETED_DEVICE_FAMILY = 1;
			};
			name = Debug;
		};
		8410AB252A1C31780080F855 /* Release */ = {
			isa = XCBuildConfiguration;
			baseConfigurationReference = 16FCA6513EDF9A7DE978E885 /* Pods-Arbuz.release.xcconfig */;
			buildSettings = {
				ASSETCATALOG_COMPILER_APPICON_NAME = AppIcon;
				ASSETCATALOG_COMPILER_GLOBAL_ACCENT_COLOR_NAME = AccentColor;
				CODE_SIGN_STYLE = Automatic;
				CURRENT_PROJECT_VERSION = 1;
				DEVELOPMENT_ASSET_PATHS = "\"Arbuz/Preview Content\"";
				ENABLE_PREVIEWS = YES;
				GENERATE_INFOPLIST_FILE = YES;
				INFOPLIST_KEY_UIApplicationSceneManifest_Generation = YES;
				INFOPLIST_KEY_UIApplicationSupportsIndirectInputEvents = YES;
				INFOPLIST_KEY_UILaunchScreen_Generation = YES;
				INFOPLIST_KEY_UISupportedInterfaceOrientations = UIInterfaceOrientationPortrait;
				INFOPLIST_KEY_UISupportedInterfaceOrientations_iPad = "UIInterfaceOrientationLandscapeLeft UIInterfaceOrientationLandscapeRight UIInterfaceOrientationPortrait UIInterfaceOrientationPortraitUpsideDown";
				IPHONEOS_DEPLOYMENT_TARGET = 16.0;
				LD_RUNPATH_SEARCH_PATHS = (
					"$(inherited)",
					"@executable_path/Frameworks",
				);
				MARKETING_VERSION = 1.0;
				PRODUCT_BUNDLE_IDENTIFIER = com.tore.Arbuz;
				PRODUCT_NAME = "$(TARGET_NAME)";
				SUPPORTED_PLATFORMS = "iphoneos iphonesimulator";
				SUPPORTS_MACCATALYST = NO;
				SUPPORTS_MAC_DESIGNED_FOR_IPHONE_IPAD = NO;
				SWIFT_EMIT_LOC_STRINGS = YES;
				SWIFT_VERSION = 5.0;
				TARGETED_DEVICE_FAMILY = 1;
			};
			name = Release;
		};
/* End XCBuildConfiguration section */

/* Begin XCConfigurationList section */
		8410AB102A1C31770080F855 /* Build configuration list for PBXProject "Arbuz" */ = {
			isa = XCConfigurationList;
			buildConfigurations = (
				8410AB212A1C31780080F855 /* Debug */,
				8410AB222A1C31780080F855 /* Release */,
			);
			defaultConfigurationIsVisible = 0;
			defaultConfigurationName = Release;
		};
		8410AB232A1C31780080F855 /* Build configuration list for PBXNativeTarget "Arbuz" */ = {
			isa = XCConfigurationList;
			buildConfigurations = (
				8410AB242A1C31780080F855 /* Debug */,
				8410AB252A1C31780080F855 /* Release */,
			);
			defaultConfigurationIsVisible = 0;
			defaultConfigurationName = Release;
		};
/* End XCConfigurationList section */
	};
	rootObject = 8410AB0D2A1C31770080F855 /* Project object */;
}
